
Microsoft Visual Studio Solution File, Format Version 12.00
# Visual Studio 15
VisualStudioVersion = 15.0.27703.2035
MinimumVisualStudioVersion = 10.0.40219.1
Project("{FAE04EC0-301F-11D3-BF4B-00C04F79EFBC}") = "GitHubJobs.Droid", "GitHubJobs\GitHubJobs.Droid.csproj", "{2497EB07-C980-4BBF-A440-C38F5AA32528}"
EndProject
Project("{9A19103F-16F7-4668-BE54-9A1E7A4F7556}") = "GitHubJobs.Core", "GitHubJobs.Core\GitHubJobs.Core.csproj", "{617AE693-2D8A-4DDD-9A4C-F47FE6881FB4}"
EndProject
Project("{9A19103F-16F7-4668-BE54-9A1E7A4F7556}") = "GitHubJobs.Console", "GitHubJobs.Console\GitHubJobs.Console.csproj", "{8489091D-0838-457B-AE05-1596E6096B61}"
EndProject
Global
	GlobalSection(SolutionConfigurationPlatforms) = preSolution
		Debug|Any CPU = Debug|Any CPU
		Release|Any CPU = Release|Any CPU
	EndGlobalSection
	GlobalSection(ProjectConfigurationPlatforms) = postSolution
		{2497EB07-C980-4BBF-A440-C38F5AA32528}.Debug|Any CPU.ActiveCfg = Debug|Any CPU
		{2497EB07-C980-4BBF-A440-C38F5AA32528}.Debug|Any CPU.Build.0 = Debug|Any CPU
		{2497EB07-C980-4BBF-A440-C38F5AA32528}.Debug|Any CPU.Deploy.0 = Debug|Any CPU
		{2497EB07-C980-4BBF-A440-C38F5AA32528}.Release|Any CPU.ActiveCfg = Release|Any CPU
		{2497EB07-C980-4BBF-A440-C38F5AA32528}.Release|Any CPU.Build.0 = Release|Any CPU
		{2497EB07-C980-4BBF-A440-C38F5AA32528}.Release|Any CPU.Deploy.0 = Release|Any CPU
		{617AE693-2D8A-4DDD-9A4C-F47FE6881FB4}.Debug|Any CPU.ActiveCfg = Debug|Any CPU
		{617AE693-2D8A-4DDD-9A4C-F47FE6881FB4}.Debug|Any CPU.Build.0 = Debug|Any CPU
		{617AE693-2D8A-4DDD-9A4C-F47FE6881FB4}.Release|Any CPU.ActiveCfg = Release|Any CPU
		{617AE693-2D8A-4DDD-9A4C-F47FE6881FB4}.Release|Any CPU.Build.0 = Release|Any CPU
		{8489091D-0838-457B-AE05-1596E6096B61}.Debug|Any CPU.ActiveCfg = Debug|Any CPU
		{8489091D-0838-457B-AE05-1596E6096B61}.Debug|Any CPU.Build.0 = Debug|Any CPU
		{8489091D-0838-457B-AE05-1596E6096B61}.Release|Any CPU.ActiveCfg = Release|Any CPU
		{8489091D-0838-457B-AE05-1596E6096B61}.Release|Any CPU.Build.0 = Release|Any CPU
	EndGlobalSection
	GlobalSection(SolutionProperties) = preSolution
		HideSolutionNode = FALSE
	EndGlobalSection
	GlobalSection(ExtensibilityGlobals) = postSolution
		SolutionGuid = {EFC39FB5-51FA-43B4-BB72-0DF7F9579692}
	EndGlobalSection
EndGlobal
